
Microsoft Visual Studio Solution File, Format Version 12.00
# Visual Studio Version 17
VisualStudioVersion = 17.14.36202.13
MinimumVisualStudioVersion = 10.0.40219.1
Project("{FAE04EC0-301F-11D3-BF4B-00C04F79EFBC}") = "GerenciadorConsultoresAPI", "GerenciadorConsultoresAPI.csproj", "{B093E540-E8D9-493A-829F-48AAFAA92871}"
EndProject
Project("{2150E333-8FDC-42A3-9474-1A3956D46DE8}") = "Domain", "Domain", "{02EA681E-C7D8-13C7-8484-4AC65E1B71E8}"
EndProject
Project("{2150E333-8FDC-42A3-9474-1A3956D46DE8}") = "Application", "Application", "{DEB5EED1-A4CD-40AE-BAF3-C2A25DDB9294}"
EndProject
Project("{2150E333-8FDC-42A3-9474-1A3956D46DE8}") = "Infrastructure", "Infrastructure", "{904132AA-5C9C-4CFF-8B83-66FE46654022}"
EndProject
Project("{2150E333-8FDC-42A3-9474-1A3956D46DE8}") = "Persistence", "Persistence", "{733B8785-3164-41EB-8499-ECF82774EC6A}"
EndProject
Project("{FAE04EC0-301F-11D3-BF4B-00C04F79EFBC}") = "Application", "..\Application\Application\Application.csproj", "{2ACCF5B3-C3A2-43C6-A13C-F6129E72D77D}"
EndProject
Project("{FAE04EC0-301F-11D3-BF4B-00C04F79EFBC}") = "Domain", "..\Domain\Domain.csproj", "{49362884-3222-4F38-A293-2B0AE3ECB626}"
EndProject
Project("{FAE04EC0-301F-11D3-BF4B-00C04F79EFBC}") = "Persistense", "..\Persistense\Persistense\Persistense.csproj", "{260ADED0-2A0B-43CF-AA68-92BDB651CFD9}"
EndProject
Global
	GlobalSection(SolutionConfigurationPlatforms) = preSolution
		Debug|Any CPU = Debug|Any CPU
		Release|Any CPU = Release|Any CPU
	EndGlobalSection
	GlobalSection(ProjectConfigurationPlatforms) = postSolution
		{B093E540-E8D9-493A-829F-48AAFAA92871}.Debug|Any CPU.ActiveCfg = Debug|Any CPU
		{B093E540-E8D9-493A-829F-48AAFAA92871}.Debug|Any CPU.Build.0 = Debug|Any CPU
		{B093E540-E8D9-493A-829F-48AAFAA92871}.Release|Any CPU.ActiveCfg = Release|Any CPU
		{B093E540-E8D9-493A-829F-48AAFAA92871}.Release|Any CPU.Build.0 = Release|Any CPU
		{2ACCF5B3-C3A2-43C6-A13C-F6129E72D77D}.Debug|Any CPU.ActiveCfg = Debug|Any CPU
		{2ACCF5B3-C3A2-43C6-A13C-F6129E72D77D}.Debug|Any CPU.Build.0 = Debug|Any CPU
		{2ACCF5B3-C3A2-43C6-A13C-F6129E72D77D}.Release|Any CPU.ActiveCfg = Release|Any CPU
		{2ACCF5B3-C3A2-43C6-A13C-F6129E72D77D}.Release|Any CPU.Build.0 = Release|Any CPU
		{49362884-3222-4F38-A293-2B0AE3ECB626}.Debug|Any CPU.ActiveCfg = Debug|Any CPU
		{49362884-3222-4F38-A293-2B0AE3ECB626}.Debug|Any CPU.Build.0 = Debug|Any CPU
		{49362884-3222-4F38-A293-2B0AE3ECB626}.Release|Any CPU.ActiveCfg = Release|Any CPU
		{49362884-3222-4F38-A293-2B0AE3ECB626}.Release|Any CPU.Build.0 = Release|Any CPU
		{260ADED0-2A0B-43CF-AA68-92BDB651CFD9}.Debug|Any CPU.ActiveCfg = Debug|Any CPU
		{260ADED0-2A0B-43CF-AA68-92BDB651CFD9}.Debug|Any CPU.Build.0 = Debug|Any CPU
		{260ADED0-2A0B-43CF-AA68-92BDB651CFD9}.Release|Any CPU.ActiveCfg = Release|Any CPU
		{260ADED0-2A0B-43CF-AA68-92BDB651CFD9}.Release|Any CPU.Build.0 = Release|Any CPU
	EndGlobalSection
	GlobalSection(SolutionProperties) = preSolution
		HideSolutionNode = FALSE
	EndGlobalSection
	GlobalSection(NestedProjects) = preSolution
		{2ACCF5B3-C3A2-43C6-A13C-F6129E72D77D} = {DEB5EED1-A4CD-40AE-BAF3-C2A25DDB9294}
		{49362884-3222-4F38-A293-2B0AE3ECB626} = {02EA681E-C7D8-13C7-8484-4AC65E1B71E8}
		{260ADED0-2A0B-43CF-AA68-92BDB651CFD9} = {733B8785-3164-41EB-8499-ECF82774EC6A}
	EndGlobalSection
	GlobalSection(ExtensibilityGlobals) = postSolution
		SolutionGuid = {995AECA0-1E4B-4320-B9F3-8787E003C7B1}
	EndGlobalSection
EndGlobal
