
Microsoft Visual Studio Solution File, Format Version 12.00
# Visual Studio Version 17
VisualStudioVersion = 17.14.36202.13
MinimumVisualStudioVersion = 10.0.40219.1
Project("{FAE04EC0-301F-11D3-BF4B-00C04F79EFBC}") = "GerenciadorConsultoresAPI", "GerenciadorConsultoresAPI.csproj", "{B093E540-E8D9-493A-829F-48AAFAA92871}"
EndProject
Project("{2150E333-8FDC-42A3-9474-1A3956D46DE8}") = "Application", "Application", "{02EA681E-C7D8-13C7-8484-4AC65E1B71E8}"
EndProject
Project("{2150E333-8FDC-42A3-9474-1A3956D46DE8}") = "API", "API", "{C33E7030-B2F7-4B8E-8B9B-8166E077B9A0}"
EndProject
Project("{2150E333-8FDC-42A3-9474-1A3956D46DE8}") = "Infrasctructure", "Infrasctructure", "{26ECD8BD-B716-491C-B396-2AB0373A2AE1}"
EndProject
Project("{2150E333-8FDC-42A3-9474-1A3956D46DE8}") = "Persistence", "Persistence", "{26D5C625-D1B0-4A19-BDDB-995A0DBAD820}"
EndProject
Project("{FAE04EC0-301F-11D3-BF4B-00C04F79EFBC}") = "Application", "..\Application\Application\Application.csproj", "{7BC9B23B-BC24-4DCD-BA4C-920AC7FC8C58}"
EndProject
Project("{FAE04EC0-301F-11D3-BF4B-00C04F79EFBC}") = "Infrastructure", "..\Infrastructure\Infrastructure\Infrastructure.csproj", "{1DCDDE98-3FE3-4B7E-B5C4-0C25B2A1AB17}"
EndProject
Project("{FAE04EC0-301F-11D3-BF4B-00C04F79EFBC}") = "Persistense", "..\Persistense\Persistense\Persistense.csproj", "{12A36CE9-BEC4-4E40-85AE-A0147C09E007}"
EndProject
Project("{2150E333-8FDC-42A3-9474-1A3956D46DE8}") = "Domain", "Domain", "{306AE3C3-EA12-4936-A20E-70A0653DE6BB}"
EndProject
Project("{FAE04EC0-301F-11D3-BF4B-00C04F79EFBC}") = "Domain", "..\Domain\Domain\Domain.csproj", "{ECF72BE0-4F5C-414F-BF6E-25FE42AF1288}"
EndProject
Global
	GlobalSection(SolutionConfigurationPlatforms) = preSolution
		Debug|Any CPU = Debug|Any CPU
		Release|Any CPU = Release|Any CPU
	EndGlobalSection
	GlobalSection(ProjectConfigurationPlatforms) = postSolution
		{B093E540-E8D9-493A-829F-48AAFAA92871}.Debug|Any CPU.ActiveCfg = Debug|Any CPU
		{B093E540-E8D9-493A-829F-48AAFAA92871}.Debug|Any CPU.Build.0 = Debug|Any CPU
		{B093E540-E8D9-493A-829F-48AAFAA92871}.Release|Any CPU.ActiveCfg = Release|Any CPU
		{B093E540-E8D9-493A-829F-48AAFAA92871}.Release|Any CPU.Build.0 = Release|Any CPU
		{7BC9B23B-BC24-4DCD-BA4C-920AC7FC8C58}.Debug|Any CPU.ActiveCfg = Debug|Any CPU
		{7BC9B23B-BC24-4DCD-BA4C-920AC7FC8C58}.Debug|Any CPU.Build.0 = Debug|Any CPU
		{7BC9B23B-BC24-4DCD-BA4C-920AC7FC8C58}.Release|Any CPU.ActiveCfg = Release|Any CPU
		{7BC9B23B-BC24-4DCD-BA4C-920AC7FC8C58}.Release|Any CPU.Build.0 = Release|Any CPU
		{1DCDDE98-3FE3-4B7E-B5C4-0C25B2A1AB17}.Debug|Any CPU.ActiveCfg = Debug|Any CPU
		{1DCDDE98-3FE3-4B7E-B5C4-0C25B2A1AB17}.Debug|Any CPU.Build.0 = Debug|Any CPU
		{1DCDDE98-3FE3-4B7E-B5C4-0C25B2A1AB17}.Release|Any CPU.ActiveCfg = Release|Any CPU
		{1DCDDE98-3FE3-4B7E-B5C4-0C25B2A1AB17}.Release|Any CPU.Build.0 = Release|Any CPU
		{12A36CE9-BEC4-4E40-85AE-A0147C09E007}.Debug|Any CPU.ActiveCfg = Debug|Any CPU
		{12A36CE9-BEC4-4E40-85AE-A0147C09E007}.Debug|Any CPU.Build.0 = Debug|Any CPU
		{12A36CE9-BEC4-4E40-85AE-A0147C09E007}.Release|Any CPU.ActiveCfg = Release|Any CPU
		{12A36CE9-BEC4-4E40-85AE-A0147C09E007}.Release|Any CPU.Build.0 = Release|Any CPU
		{ECF72BE0-4F5C-414F-BF6E-25FE42AF1288}.Debug|Any CPU.ActiveCfg = Debug|Any CPU
		{ECF72BE0-4F5C-414F-BF6E-25FE42AF1288}.Debug|Any CPU.Build.0 = Debug|Any CPU
		{ECF72BE0-4F5C-414F-BF6E-25FE42AF1288}.Release|Any CPU.ActiveCfg = Release|Any CPU
		{ECF72BE0-4F5C-414F-BF6E-25FE42AF1288}.Release|Any CPU.Build.0 = Release|Any CPU
	EndGlobalSection
	GlobalSection(SolutionProperties) = preSolution
		HideSolutionNode = FALSE
	EndGlobalSection
	GlobalSection(NestedProjects) = preSolution
		{B093E540-E8D9-493A-829F-48AAFAA92871} = {C33E7030-B2F7-4B8E-8B9B-8166E077B9A0}
		{7BC9B23B-BC24-4DCD-BA4C-920AC7FC8C58} = {02EA681E-C7D8-13C7-8484-4AC65E1B71E8}
		{1DCDDE98-3FE3-4B7E-B5C4-0C25B2A1AB17} = {26ECD8BD-B716-491C-B396-2AB0373A2AE1}
		{12A36CE9-BEC4-4E40-85AE-A0147C09E007} = {26D5C625-D1B0-4A19-BDDB-995A0DBAD820}
		{ECF72BE0-4F5C-414F-BF6E-25FE42AF1288} = {306AE3C3-EA12-4936-A20E-70A0653DE6BB}
	EndGlobalSection
	GlobalSection(ExtensibilityGlobals) = postSolution
		SolutionGuid = {995AECA0-1E4B-4320-B9F3-8787E003C7B1}
	EndGlobalSection
EndGlobal
